
Microsoft Visual Studio Solution File, Format Version 12.00
# Visual Studio Version 17
VisualStudioVersion = 17.9.34723.18
MinimumVisualStudioVersion = 10.0.40219.1
Project("{FAE04EC0-301F-11D3-BF4B-00C04F79EFBC}") = "StringsExamples", "StringsExamples\StringsExamples.csproj", "{22281FD0-BFBD-4BDB-978B-A92C2A3DABA4}"
EndProject
Global
	GlobalSection(SolutionConfigurationPlatforms) = preSolution
		Debug|Any CPU = Debug|Any CPU
		Release|Any CPU = Release|Any CPU
	EndGlobalSection
	GlobalSection(ProjectConfigurationPlatforms) = postSolution
		{22281FD0-BFBD-4BDB-978B-A92C2A3DABA4}.Debug|Any CPU.ActiveCfg = Debug|Any CPU
		{22281FD0-BFBD-4BDB-978B-A92C2A3DABA4}.Debug|Any CPU.Build.0 = Debug|Any CPU
		{22281FD0-BFBD-4BDB-978B-A92C2A3DABA4}.Release|Any CPU.ActiveCfg = Release|Any CPU
		{22281FD0-BFBD-4BDB-978B-A92C2A3DABA4}.Release|Any CPU.Build.0 = Release|Any CPU
	EndGlobalSection
	GlobalSection(SolutionProperties) = preSolution
		HideSolutionNode = FALSE
	EndGlobalSection
	GlobalSection(ExtensibilityGlobals) = postSolution
		SolutionGuid = {8F53451F-F968-476B-8898-8CF8535762E3}
	EndGlobalSection
EndGlobal
